// !$*UTF8*$!
{
	archiveVersion = 1;
	classes = {
	};
	objectVersion = 46;
	objects = {

/* Begin PBXBuildFile section */
		9729C64B23C7150C00DD1B39 /* Csv.cpp in Sources */ = {isa = PBXBuildFile; fileRef = 9729C64923C7150C00DD1B39 /* Csv.cpp */; };
		9729C64C23C7150C00DD1B39 /* Csv.h in Headers */ = {isa = PBXBuildFile; fileRef = 9729C64A23C7150C00DD1B39 /* Csv.h */; };
		975B30702333A01C009384DD /* JsonInvalid.cpp in Sources */ = {isa = PBXBuildFile; fileRef = 975B306E2333A01C009384DD /* JsonInvalid.cpp */; };
		975B30712333A01C009384DD /* JsonInvalid.h in Headers */ = {isa = PBXBuildFile; fileRef = 975B306F2333A01C009384DD /* JsonInvalid.h */; };
		97A260352331133E00E1D1AD /* main.cpp in Sources */ = {isa = PBXBuildFile; fileRef = 97A260342331133E00E1D1AD /* main.cpp */; };
		97A2603F23314B3500E1D1AD /* libnrcore.a in Frameworks */ = {isa = PBXBuildFile; fileRef = 97A2603E23314B3500E1D1AD /* libnrcore.a */; };
		97A2604123314B7A00E1D1AD /* libnrdebug.a in Frameworks */ = {isa = PBXBuildFile; fileRef = 97A2604023314B7A00E1D1AD /* libnrdebug.a */; };
		97A2604223320E5100E1D1AD /* libnrformat.a in Frameworks */ = {isa = PBXBuildFile; fileRef = 9798BCAE227366CA00F863ED /* libnrformat.a */; };
		97A2607823337B6700E1D1AD /* JsonArray.cpp in Sources */ = {isa = PBXBuildFile; fileRef = 97A2606E23337B6600E1D1AD /* JsonArray.cpp */; };
		97A2607923337B6700E1D1AD /* JsonArray.h in Headers */ = {isa = PBXBuildFile; fileRef = 97A2606F23337B6600E1D1AD /* JsonArray.h */; };
		97A2607A23337B6700E1D1AD /* JsonString.cpp in Sources */ = {isa = PBXBuildFile; fileRef = 97A2607023337B6600E1D1AD /* JsonString.cpp */; };
		97A2607B23337B6700E1D1AD /* JsonValue.cpp in Sources */ = {isa = PBXBuildFile; fileRef = 97A2607123337B6600E1D1AD /* JsonValue.cpp */; };
		97A2607C23337B6700E1D1AD /* JsonNumber.cpp in Sources */ = {isa = PBXBuildFile; fileRef = 97A2607223337B6600E1D1AD /* JsonNumber.cpp */; };
		97A2607D23337B6700E1D1AD /* JsonObject.h in Headers */ = {isa = PBXBuildFile; fileRef = 97A2607323337B6600E1D1AD /* JsonObject.h */; };
		97A2607E23337B6700E1D1AD /* JsonObject.cpp in Sources */ = {isa = PBXBuildFile; fileRef = 97A2607423337B6600E1D1AD /* JsonObject.cpp */; };
		97A2607F23337B6700E1D1AD /* JsonNumber.h in Headers */ = {isa = PBXBuildFile; fileRef = 97A2607523337B6600E1D1AD /* JsonNumber.h */; };
		97A2608023337B6700E1D1AD /* JsonValue.h in Headers */ = {isa = PBXBuildFile; fileRef = 97A2607623337B6600E1D1AD /* JsonValue.h */; };
		97A2608123337B6700E1D1AD /* JsonString.h in Headers */ = {isa = PBXBuildFile; fileRef = 97A2607723337B6700E1D1AD /* JsonString.h */; };
		97A2608423337B6F00E1D1AD /* Json.h in Headers */ = {isa = PBXBuildFile; fileRef = 97A2608223337B6F00E1D1AD /* Json.h */; };
		97A2608523337B6F00E1D1AD /* Json.cpp in Sources */ = {isa = PBXBuildFile; fileRef = 97A2608323337B6F00E1D1AD /* Json.cpp */; };
		97A2608823337B7B00E1D1AD /* Xml.h in Headers */ = {isa = PBXBuildFile; fileRef = 97A2608623337B7B00E1D1AD /* Xml.h */; };
		97A2608923337B7B00E1D1AD /* Xml.cpp in Sources */ = {isa = PBXBuildFile; fileRef = 97A2608723337B7B00E1D1AD /* Xml.cpp */; };
/* End PBXBuildFile section */

/* Begin PBXCopyFilesBuildPhase section */
		97A260302331133E00E1D1AD /* CopyFiles */ = {
			isa = PBXCopyFilesBuildPhase;
			buildActionMask = 2147483647;
			dstPath = /usr/share/man/man1/;
			dstSubfolderSpec = 0;
			files = (
			);
			runOnlyForDeploymentPostprocessing = 1;
		};
/* End PBXCopyFilesBuildPhase section */

/* Begin PBXFileReference section */
		9729C64923C7150C00DD1B39 /* Csv.cpp */ = {isa = PBXFileReference; lastKnownFileType = sourcecode.cpp.cpp; path = Csv.cpp; sourceTree = "<group>"; };
		9729C64A23C7150C00DD1B39 /* Csv.h */ = {isa = PBXFileReference; lastKnownFileType = sourcecode.c.h; path = Csv.h; sourceTree = "<group>"; };
		975B306E2333A01C009384DD /* JsonInvalid.cpp */ = {isa = PBXFileReference; lastKnownFileType = sourcecode.cpp.cpp; path = JsonInvalid.cpp; sourceTree = "<group>"; };
		975B306F2333A01C009384DD /* JsonInvalid.h */ = {isa = PBXFileReference; lastKnownFileType = sourcecode.c.h; path = JsonInvalid.h; sourceTree = "<group>"; };
		9798BCAE227366CA00F863ED /* libnrformat.a */ = {isa = PBXFileReference; explicitFileType = archive.ar; includeInIndex = 0; path = libnrformat.a; sourceTree = BUILT_PRODUCTS_DIR; };
		97A260322331133E00E1D1AD /* UnitTests */ = {isa = PBXFileReference; explicitFileType = "compiled.mach-o.executable"; includeInIndex = 0; path = UnitTests; sourceTree = BUILT_PRODUCTS_DIR; };
		97A260342331133E00E1D1AD /* main.cpp */ = {isa = PBXFileReference; lastKnownFileType = sourcecode.cpp.cpp; path = main.cpp; sourceTree = "<group>"; };
		97A2603E23314B3500E1D1AD /* libnrcore.a */ = {isa = PBXFileReference; explicitFileType = archive.ar; path = libnrcore.a; sourceTree = BUILT_PRODUCTS_DIR; };
		97A2604023314B7A00E1D1AD /* libnrdebug.a */ = {isa = PBXFileReference; explicitFileType = archive.ar; path = libnrdebug.a; sourceTree = BUILT_PRODUCTS_DIR; };
		97A2606E23337B6600E1D1AD /* JsonArray.cpp */ = {isa = PBXFileReference; fileEncoding = 4; lastKnownFileType = sourcecode.cpp.cpp; path = JsonArray.cpp; sourceTree = "<group>"; };
		97A2606F23337B6600E1D1AD /* JsonArray.h */ = {isa = PBXFileReference; fileEncoding = 4; lastKnownFileType = sourcecode.c.h; path = JsonArray.h; sourceTree = "<group>"; };
		97A2607023337B6600E1D1AD /* JsonString.cpp */ = {isa = PBXFileReference; fileEncoding = 4; lastKnownFileType = sourcecode.cpp.cpp; path = JsonString.cpp; sourceTree = "<group>"; };
		97A2607123337B6600E1D1AD /* JsonValue.cpp */ = {isa = PBXFileReference; fileEncoding = 4; lastKnownFileType = sourcecode.cpp.cpp; path = JsonValue.cpp; sourceTree = "<group>"; };
		97A2607223337B6600E1D1AD /* JsonNumber.cpp */ = {isa = PBXFileReference; fileEncoding = 4; lastKnownFileType = sourcecode.cpp.cpp; path = JsonNumber.cpp; sourceTree = "<group>"; };
		97A2607323337B6600E1D1AD /* JsonObject.h */ = {isa = PBXFileReference; fileEncoding = 4; lastKnownFileType = sourcecode.c.h; path = JsonObject.h; sourceTree = "<group>"; };
		97A2607423337B6600E1D1AD /* JsonObject.cpp */ = {isa = PBXFileReference; fileEncoding = 4; lastKnownFileType = sourcecode.cpp.cpp; path = JsonObject.cpp; sourceTree = "<group>"; };
		97A2607523337B6600E1D1AD /* JsonNumber.h */ = {isa = PBXFileReference; fileEncoding = 4; lastKnownFileType = sourcecode.c.h; path = JsonNumber.h; sourceTree = "<group>"; };
		97A2607623337B6600E1D1AD /* JsonValue.h */ = {isa = PBXFileReference; fileEncoding = 4; lastKnownFileType = sourcecode.c.h; path = JsonValue.h; sourceTree = "<group>"; };
		97A2607723337B6700E1D1AD /* JsonString.h */ = {isa = PBXFileReference; fileEncoding = 4; lastKnownFileType = sourcecode.c.h; path = JsonString.h; sourceTree = "<group>"; };
		97A2608223337B6F00E1D1AD /* Json.h */ = {isa = PBXFileReference; fileEncoding = 4; lastKnownFileType = sourcecode.c.h; path = Json.h; sourceTree = "<group>"; };
		97A2608323337B6F00E1D1AD /* Json.cpp */ = {isa = PBXFileReference; fileEncoding = 4; lastKnownFileType = sourcecode.cpp.cpp; path = Json.cpp; sourceTree = "<group>"; };
		97A2608623337B7B00E1D1AD /* Xml.h */ = {isa = PBXFileReference; fileEncoding = 4; lastKnownFileType = sourcecode.c.h; path = Xml.h; sourceTree = "<group>"; };
		97A2608723337B7B00E1D1AD /* Xml.cpp */ = {isa = PBXFileReference; fileEncoding = 4; lastKnownFileType = sourcecode.cpp.cpp; path = Xml.cpp; sourceTree = "<group>"; };
/* End PBXFileReference section */

/* Begin PBXFrameworksBuildPhase section */
		9798BCAC227366CA00F863ED /* Frameworks */ = {
			isa = PBXFrameworksBuildPhase;
			buildActionMask = 2147483647;
			files = (
			);
			runOnlyForDeploymentPostprocessing = 0;
		};
		97A2602F2331133E00E1D1AD /* Frameworks */ = {
			isa = PBXFrameworksBuildPhase;
			buildActionMask = 2147483647;
			files = (
				97A2603F23314B3500E1D1AD /* libnrcore.a in Frameworks */,
				97A2604123314B7A00E1D1AD /* libnrdebug.a in Frameworks */,
				97A2604223320E5100E1D1AD /* libnrformat.a in Frameworks */,
			);
			runOnlyForDeploymentPostprocessing = 0;
		};
/* End PBXFrameworksBuildPhase section */

/* Begin PBXGroup section */
		97A260332331133E00E1D1AD /* UnitTests */ = {
			isa = PBXGroup;
			children = (
				97A260342331133E00E1D1AD /* main.cpp */,
			);
			path = UnitTests;
			sourceTree = "<group>";
		};
		97A2603D23314B3500E1D1AD /* Frameworks */ = {
			isa = PBXGroup;
			children = (
				97A2603E23314B3500E1D1AD /* libnrcore.a */,
				97A2604023314B7A00E1D1AD /* libnrdebug.a */,
			);
			name = Frameworks;
			sourceTree = "<group>";
		};
		97A2606B23337AFC00E1D1AD /* libnrformat */ = {
			isa = PBXGroup;
			children = (
				9729C64A23C7150C00DD1B39 /* Csv.h */,
				9729C64923C7150C00DD1B39 /* Csv.cpp */,
				97A2608623337B7B00E1D1AD /* Xml.h */,
				97A2608723337B7B00E1D1AD /* Xml.cpp */,
				97A2606C23337B0C00E1D1AD /* json */,
			);
			path = libnrformat;
			sourceTree = "<group>";
		};
		97A2606C23337B0C00E1D1AD /* json */ = {
			isa = PBXGroup;
			children = (
				97A2608223337B6F00E1D1AD /* Json.h */,
				97A2608323337B6F00E1D1AD /* Json.cpp */,
				97A2606D23337B1500E1D1AD /* types */,
			);
			path = json;
			sourceTree = "<group>";
		};
		97A2606D23337B1500E1D1AD /* types */ = {
			isa = PBXGroup;
			children = (
				97A2607623337B6600E1D1AD /* JsonValue.h */,
				97A2607123337B6600E1D1AD /* JsonValue.cpp */,
				97A2606F23337B6600E1D1AD /* JsonArray.h */,
				97A2606E23337B6600E1D1AD /* JsonArray.cpp */,
				97A2607523337B6600E1D1AD /* JsonNumber.h */,
				97A2607223337B6600E1D1AD /* JsonNumber.cpp */,
				97A2607323337B6600E1D1AD /* JsonObject.h */,
				97A2607423337B6600E1D1AD /* JsonObject.cpp */,
				97A2607723337B6700E1D1AD /* JsonString.h */,
				97A2607023337B6600E1D1AD /* JsonString.cpp */,
				975B306F2333A01C009384DD /* JsonInvalid.h */,
				975B306E2333A01C009384DD /* JsonInvalid.cpp */,
			);
			path = types;
			sourceTree = "<group>";
		};
		97B466E81C9AECF200DD2C30 = {
			isa = PBXGroup;
			children = (
				97A2606B23337AFC00E1D1AD /* libnrformat */,
				97A260332331133E00E1D1AD /* UnitTests */,
				97B466F21C9AECF200DD2C30 /* Products */,
				97A2603D23314B3500E1D1AD /* Frameworks */,
			);
			sourceTree = "<group>";
		};
		97B466F21C9AECF200DD2C30 /* Products */ = {
			isa = PBXGroup;
			children = (
				9798BCAE227366CA00F863ED /* libnrformat.a */,
				97A260322331133E00E1D1AD /* UnitTests */,
			);
			name = Products;
			sourceTree = "<group>";
		};
/* End PBXGroup section */

/* Begin PBXHeadersBuildPhase section */
		9798BCAA227366CA00F863ED /* Headers */ = {
			isa = PBXHeadersBuildPhase;
			buildActionMask = 2147483647;
			files = (
				97A2608023337B6700E1D1AD /* JsonValue.h in Headers */,
				97A2607923337B6700E1D1AD /* JsonArray.h in Headers */,
				97A2608823337B7B00E1D1AD /* Xml.h in Headers */,
				97A2608123337B6700E1D1AD /* JsonString.h in Headers */,
				97A2607D23337B6700E1D1AD /* JsonObject.h in Headers */,
				97A2608423337B6F00E1D1AD /* Json.h in Headers */,
				9729C64C23C7150C00DD1B39 /* Csv.h in Headers */,
				975B30712333A01C009384DD /* JsonInvalid.h in Headers */,
				97A2607F23337B6700E1D1AD /* JsonNumber.h in Headers */,
			);
			runOnlyForDeploymentPostprocessing = 0;
		};
/* End PBXHeadersBuildPhase section */

/* Begin PBXNativeTarget section */
		9798BCAD227366CA00F863ED /* libNrFormat */ = {
			isa = PBXNativeTarget;
			buildConfigurationList = 9798BCAF227366CA00F863ED /* Build configuration list for PBXNativeTarget "libNrFormat" */;
			buildPhases = (
				9798BCAA227366CA00F863ED /* Headers */,
				9798BCAB227366CA00F863ED /* Sources */,
				9798BCAC227366CA00F863ED /* Frameworks */,
			);
			buildRules = (
			);
			dependencies = (
			);
			name = libNrFormat;
			productName = libnrformat;
			productReference = 9798BCAE227366CA00F863ED /* libnrformat.a */;
			productType = "com.apple.product-type.library.static";
		};
		97A260312331133E00E1D1AD /* UnitTests */ = {
			isa = PBXNativeTarget;
			buildConfigurationList = 97A260382331133E00E1D1AD /* Build configuration list for PBXNativeTarget "UnitTests" */;
			buildPhases = (
				97A2602E2331133E00E1D1AD /* Sources */,
				97A2602F2331133E00E1D1AD /* Frameworks */,
				97A260302331133E00E1D1AD /* CopyFiles */,
			);
			buildRules = (
			);
			dependencies = (
			);
			name = UnitTests;
			productName = UnitTests;
			productReference = 97A260322331133E00E1D1AD /* UnitTests */;
			productType = "com.apple.product-type.tool";
		};
/* End PBXNativeTarget section */

/* Begin PBXProject section */
		97B466E91C9AECF200DD2C30 /* Project object */ = {
			isa = PBXProject;
			attributes = {
				LastUpgradeCheck = 1100;
				ORGANIZATIONNAME = "Liquidsoft Studio";
				TargetAttributes = {
					9798BCAD227366CA00F863ED = {
						CreatedOnToolsVersion = 10.2;
						DevelopmentTeam = 4MASABRRSM;
						ProvisioningStyle = Automatic;
					};
					97A260312331133E00E1D1AD = {
						CreatedOnToolsVersion = 10.3;
						DevelopmentTeam = 4MASABRRSM;
						ProvisioningStyle = Automatic;
					};
				};
			};
			buildConfigurationList = 97B466EC1C9AECF200DD2C30 /* Build configuration list for PBXProject "libNrFormat" */;
			compatibilityVersion = "Xcode 3.2";
			developmentRegion = en;
			hasScannedForEncodings = 0;
			knownRegions = (
				en,
				Base,
			);
			mainGroup = 97B466E81C9AECF200DD2C30;
			productRefGroup = 97B466F21C9AECF200DD2C30 /* Products */;
			projectDirPath = "";
			projectRoot = "";
			targets = (
				9798BCAD227366CA00F863ED /* libNrFormat */,
				97A260312331133E00E1D1AD /* UnitTests */,
			);
		};
/* End PBXProject section */

/* Begin PBXSourcesBuildPhase section */
		9798BCAB227366CA00F863ED /* Sources */ = {
			isa = PBXSourcesBuildPhase;
			buildActionMask = 2147483647;
			files = (
				9729C64B23C7150C00DD1B39 /* Csv.cpp in Sources */,
				97A2607A23337B6700E1D1AD /* JsonString.cpp in Sources */,
				975B30702333A01C009384DD /* JsonInvalid.cpp in Sources */,
				97A2607B23337B6700E1D1AD /* JsonValue.cpp in Sources */,
				97A2607C23337B6700E1D1AD /* JsonNumber.cpp in Sources */,
				97A2608923337B7B00E1D1AD /* Xml.cpp in Sources */,
				97A2608523337B6F00E1D1AD /* Json.cpp in Sources */,
				97A2607E23337B6700E1D1AD /* JsonObject.cpp in Sources */,
				97A2607823337B6700E1D1AD /* JsonArray.cpp in Sources */,
			);
			runOnlyForDeploymentPostprocessing = 0;
		};
		97A2602E2331133E00E1D1AD /* Sources */ = {
			isa = PBXSourcesBuildPhase;
			buildActionMask = 2147483647;
			files = (
				97A260352331133E00E1D1AD /* main.cpp in Sources */,
			);
			runOnlyForDeploymentPostprocessing = 0;
		};
/* End PBXSourcesBuildPhase section */

/* Begin XCBuildConfiguration section */
		9798BCB0227366CA00F863ED /* Debug */ = {
			isa = XCBuildConfiguration;
			buildSettings = {
				CLANG_ANALYZER_NUMBER_OBJECT_CONVERSION = YES_AGGRESSIVE;
				CLANG_CXX_LANGUAGE_STANDARD = "gnu++14";
				CLANG_ENABLE_OBJC_WEAK = YES;
				CLANG_WARN_BLOCK_CAPTURE_AUTORELEASING = YES;
				CLANG_WARN_COMMA = YES;
				CLANG_WARN_DEPRECATED_OBJC_IMPLEMENTATIONS = YES;
				CLANG_WARN_DOCUMENTATION_COMMENTS = YES;
				CLANG_WARN_INFINITE_RECURSION = YES;
				CLANG_WARN_NON_LITERAL_NULL_CONVERSION = YES;
				CLANG_WARN_OBJC_IMPLICIT_RETAIN_SELF = YES;
				CLANG_WARN_OBJC_LITERAL_CONVERSION = YES;
				CLANG_WARN_RANGE_LOOP_ANALYSIS = YES;
				CLANG_WARN_STRICT_PROTOTYPES = YES;
				CLANG_WARN_SUSPICIOUS_MOVE = YES;
				CLANG_WARN_UNGUARDED_AVAILABILITY = YES_AGGRESSIVE;
				CODE_SIGN_IDENTITY = "Mac Developer";
				CODE_SIGN_STYLE = Automatic;
				DEVELOPMENT_TEAM = 4MASABRRSM;
				EXECUTABLE_PREFIX = lib;
				GCC_C_LANGUAGE_STANDARD = gnu11;
				MACOSX_DEPLOYMENT_TARGET = 10.14;
				MTL_ENABLE_DEBUG_INFO = INCLUDE_SOURCE;
				MTL_FAST_MATH = YES;
				PRODUCT_NAME = nrformat;
				SKIP_INSTALL = YES;
			};
			name = Debug;
		};
		9798BCB1227366CA00F863ED /* Release */ = {
			isa = XCBuildConfiguration;
			buildSettings = {
				CLANG_ANALYZER_NUMBER_OBJECT_CONVERSION = YES_AGGRESSIVE;
				CLANG_CXX_LANGUAGE_STANDARD = "gnu++14";
				CLANG_ENABLE_OBJC_WEAK = YES;
				CLANG_WARN_BLOCK_CAPTURE_AUTORELEASING = YES;
				CLANG_WARN_COMMA = YES;
				CLANG_WARN_DEPRECATED_OBJC_IMPLEMENTATIONS = YES;
				CLANG_WARN_DOCUMENTATION_COMMENTS = YES;
				CLANG_WARN_INFINITE_RECURSION = YES;
				CLANG_WARN_NON_LITERAL_NULL_CONVERSION = YES;
				CLANG_WARN_OBJC_IMPLICIT_RETAIN_SELF = YES;
				CLANG_WARN_OBJC_LITERAL_CONVERSION = YES;
				CLANG_WARN_RANGE_LOOP_ANALYSIS = YES;
				CLANG_WARN_STRICT_PROTOTYPES = YES;
				CLANG_WARN_SUSPICIOUS_MOVE = YES;
				CLANG_WARN_UNGUARDED_AVAILABILITY = YES_AGGRESSIVE;
				CODE_SIGN_IDENTITY = "Mac Developer";
				CODE_SIGN_STYLE = Automatic;
				DEVELOPMENT_TEAM = 4MASABRRSM;
				EXECUTABLE_PREFIX = lib;
				GCC_C_LANGUAGE_STANDARD = gnu11;
				MACOSX_DEPLOYMENT_TARGET = 10.14;
				MTL_FAST_MATH = YES;
				PRODUCT_NAME = nrformat;
				SKIP_INSTALL = YES;
			};
			name = Release;
		};
		97A260362331133E00E1D1AD /* Debug */ = {
			isa = XCBuildConfiguration;
			buildSettings = {
				CLANG_ANALYZER_NUMBER_OBJECT_CONVERSION = YES_AGGRESSIVE;
				CLANG_CXX_LANGUAGE_STANDARD = "gnu++14";
				CLANG_ENABLE_OBJC_WEAK = YES;
				CLANG_WARN_DOCUMENTATION_COMMENTS = YES;
				CLANG_WARN_UNGUARDED_AVAILABILITY = YES_AGGRESSIVE;
				CODE_SIGN_IDENTITY = "Mac Developer";
				CODE_SIGN_STYLE = Automatic;
				DEVELOPMENT_TEAM = 4MASABRRSM;
				ENABLE_HARDENED_RUNTIME = YES;
				GCC_C_LANGUAGE_STANDARD = gnu11;
				HEADER_SEARCH_PATHS = (
					"\"$(SRCROOT)/../LibNrCore/\"",
					"\"$(SRCROOT)/../LibNrDebug/\"",
					/usr/local/Cellar/libxml2/2.9.9_2/include/libxml2/,
				);
				MACOSX_DEPLOYMENT_TARGET = 10.14;
				MTL_ENABLE_DEBUG_INFO = INCLUDE_SOURCE;
				MTL_FAST_MATH = YES;
				PRODUCT_NAME = "$(TARGET_NAME)";
			};
			name = Debug;
		};
		97A260372331133E00E1D1AD /* Release */ = {
			isa = XCBuildConfiguration;
			buildSettings = {
				CLANG_ANALYZER_NUMBER_OBJECT_CONVERSION = YES_AGGRESSIVE;
				CLANG_CXX_LANGUAGE_STANDARD = "gnu++14";
				CLANG_ENABLE_OBJC_WEAK = YES;
				CLANG_WARN_DOCUMENTATION_COMMENTS = YES;
				CLANG_WARN_UNGUARDED_AVAILABILITY = YES_AGGRESSIVE;
				CODE_SIGN_IDENTITY = "Mac Developer";
				CODE_SIGN_STYLE = Automatic;
				DEVELOPMENT_TEAM = 4MASABRRSM;
				ENABLE_HARDENED_RUNTIME = YES;
				GCC_C_LANGUAGE_STANDARD = gnu11;
				HEADER_SEARCH_PATHS = (
					"\"$(SRCROOT)/../LibNrCore/\"",
					"\"$(SRCROOT)/../LibNrDebug/\"",
					/usr/local/Cellar/libxml2/2.9.9_2/include/libxml2/,
				);
				MACOSX_DEPLOYMENT_TARGET = 10.14;
				MTL_FAST_MATH = YES;
				PRODUCT_NAME = "$(TARGET_NAME)";
			};
			name = Release;
		};
		97B466F31C9AECF200DD2C30 /* Debug */ = {
			isa = XCBuildConfiguration;
			buildSettings = {
				ALWAYS_SEARCH_USER_PATHS = NO;
				CLANG_ANALYZER_LOCALIZABILITY_NONLOCALIZED = YES;
				CLANG_ANALYZER_NONNULL = YES;
				CLANG_CXX_LANGUAGE_STANDARD = "gnu++0x";
				CLANG_CXX_LIBRARY = "libc++";
				CLANG_ENABLE_MODULES = YES;
				CLANG_ENABLE_OBJC_ARC = YES;
				CLANG_WARN_BLOCK_CAPTURE_AUTORELEASING = YES;
				CLANG_WARN_BOOL_CONVERSION = YES;
				CLANG_WARN_COMMA = YES;
				CLANG_WARN_CONSTANT_CONVERSION = YES;
				CLANG_WARN_DEPRECATED_OBJC_IMPLEMENTATIONS = YES;
				CLANG_WARN_DIRECT_OBJC_ISA_USAGE = YES_ERROR;
				CLANG_WARN_EMPTY_BODY = YES;
				CLANG_WARN_ENUM_CONVERSION = YES;
				CLANG_WARN_INFINITE_RECURSION = YES;
				CLANG_WARN_INT_CONVERSION = YES;
				CLANG_WARN_NON_LITERAL_NULL_CONVERSION = YES;
				CLANG_WARN_OBJC_IMPLICIT_RETAIN_SELF = YES;
				CLANG_WARN_OBJC_LITERAL_CONVERSION = YES;
				CLANG_WARN_OBJC_ROOT_CLASS = YES_ERROR;
				CLANG_WARN_RANGE_LOOP_ANALYSIS = YES;
				CLANG_WARN_STRICT_PROTOTYPES = YES;
				CLANG_WARN_SUSPICIOUS_MOVE = YES;
				CLANG_WARN_UNREACHABLE_CODE = YES;
				CLANG_WARN__DUPLICATE_METHOD_MATCH = YES;
				CODE_SIGN_IDENTITY = "-";
				COPY_PHASE_STRIP = NO;
				DEBUG_INFORMATION_FORMAT = dwarf;
				ENABLE_STRICT_OBJC_MSGSEND = YES;
				ENABLE_TESTABILITY = YES;
				GCC_C_LANGUAGE_STANDARD = gnu99;
				GCC_DYNAMIC_NO_PIC = NO;
				GCC_NO_COMMON_BLOCKS = YES;
				GCC_OPTIMIZATION_LEVEL = 0;
				GCC_PREPROCESSOR_DEFINITIONS = (
					"DEBUG=1",
					"$(inherited)",
				);
				GCC_WARN_64_TO_32_BIT_CONVERSION = YES;
				GCC_WARN_ABOUT_RETURN_TYPE = YES_ERROR;
				GCC_WARN_UNDECLARED_SELECTOR = YES;
				GCC_WARN_UNINITIALIZED_AUTOS = YES_AGGRESSIVE;
				GCC_WARN_UNUSED_FUNCTION = YES;
				GCC_WARN_UNUSED_VARIABLE = YES;
				HEADER_SEARCH_PATHS = (
					"\"$(SRCROOT)/../LibNrCore/\"",
					"\"$(SRCROOT)/../LibNrDebug/\"",
					"\"$(SRCROOT)/../LibNrIO/\"",
					/usr/local/Cellar/libxml2/2.9.9_2/include/libxml2/,
				);
				LIBRARY_SEARCH_PATHS = (
					"\"$(SRCROOT)/../LibNrCore/Debug/\"",
					"\"$(SRCROOT)/../../../Library/Developer/Xcode/DerivedData/libnr-ceoshwjgymdvxxfrzavtxkumodon/Build/Products/Debug/\"",
				);
				MACOSX_DEPLOYMENT_TARGET = 10.11;
				MTL_ENABLE_DEBUG_INFO = YES;
				ONLY_ACTIVE_ARCH = YES;
				SDKROOT = macosx;
			};
			name = Debug;
		};
		97B466F41C9AECF200DD2C30 /* Release */ = {
			isa = XCBuildConfiguration;
			buildSettings = {
				ALWAYS_SEARCH_USER_PATHS = NO;
				CLANG_ANALYZER_LOCALIZABILITY_NONLOCALIZED = YES;
				CLANG_ANALYZER_NONNULL = YES;
				CLANG_CXX_LANGUAGE_STANDARD = "gnu++0x";
				CLANG_CXX_LIBRARY = "libc++";
				CLANG_ENABLE_MODULES = YES;
				CLANG_ENABLE_OBJC_ARC = YES;
				CLANG_WARN_BLOCK_CAPTURE_AUTORELEASING = YES;
				CLANG_WARN_BOOL_CONVERSION = YES;
				CLANG_WARN_COMMA = YES;
				CLANG_WARN_CONSTANT_CONVERSION = YES;
				CLANG_WARN_DEPRECATED_OBJC_IMPLEMENTATIONS = YES;
				CLANG_WARN_DIRECT_OBJC_ISA_USAGE = YES_ERROR;
				CLANG_WARN_EMPTY_BODY = YES;
				CLANG_WARN_ENUM_CONVERSION = YES;
				CLANG_WARN_INFINITE_RECURSION = YES;
				CLANG_WARN_INT_CONVERSION = YES;
				CLANG_WARN_NON_LITERAL_NULL_CONVERSION = YES;
				CLANG_WARN_OBJC_IMPLICIT_RETAIN_SELF = YES;
				CLANG_WARN_OBJC_LITERAL_CONVERSION = YES;
				CLANG_WARN_OBJC_ROOT_CLASS = YES_ERROR;
				CLANG_WARN_RANGE_LOOP_ANALYSIS = YES;
				CLANG_WARN_STRICT_PROTOTYPES = YES;
				CLANG_WARN_SUSPICIOUS_MOVE = YES;
				CLANG_WARN_UNREACHABLE_CODE = YES;
				CLANG_WARN__DUPLICATE_METHOD_MATCH = YES;
				CODE_SIGN_IDENTITY = "-";
				COPY_PHASE_STRIP = NO;
				DEBUG_INFORMATION_FORMAT = "dwarf-with-dsym";
				ENABLE_NS_ASSERTIONS = NO;
				ENABLE_STRICT_OBJC_MSGSEND = YES;
				GCC_C_LANGUAGE_STANDARD = gnu99;
				GCC_NO_COMMON_BLOCKS = YES;
				GCC_WARN_64_TO_32_BIT_CONVERSION = YES;
				GCC_WARN_ABOUT_RETURN_TYPE = YES_ERROR;
				GCC_WARN_UNDECLARED_SELECTOR = YES;
				GCC_WARN_UNINITIALIZED_AUTOS = YES_AGGRESSIVE;
				GCC_WARN_UNUSED_FUNCTION = YES;
				GCC_WARN_UNUSED_VARIABLE = YES;
				HEADER_SEARCH_PATHS = (
					"\"$(SRCROOT)/../LibNrCore/\"",
					"\"$(SRCROOT)/../LibNrDebug/\"",
					"\"$(SRCROOT)/../LibNrIO/\"",
					/usr/local/Cellar/libxml2/2.9.9_2/include/libxml2/,
				);
				LIBRARY_SEARCH_PATHS = (
					"\"$(SRCROOT)/../LibNrCore/Debug/\"",
					"\"$(SRCROOT)/../../../Library/Developer/Xcode/DerivedData/libnr-ceoshwjgymdvxxfrzavtxkumodon/Build/Products/Debug/\"",
				);
				MACOSX_DEPLOYMENT_TARGET = 10.11;
				MTL_ENABLE_DEBUG_INFO = NO;
				SDKROOT = macosx;
			};
			name = Release;
		};
/* End XCBuildConfiguration section */

/* Begin XCConfigurationList section */
		9798BCAF227366CA00F863ED /* Build configuration list for PBXNativeTarget "libNrFormat" */ = {
			isa = XCConfigurationList;
			buildConfigurations = (
				9798BCB0227366CA00F863ED /* Debug */,
				9798BCB1227366CA00F863ED /* Release */,
			);
			defaultConfigurationIsVisible = 0;
			defaultConfigurationName = Release;
		};
		97A260382331133E00E1D1AD /* Build configuration list for PBXNativeTarget "UnitTests" */ = {
			isa = XCConfigurationList;
			buildConfigurations = (
				97A260362331133E00E1D1AD /* Debug */,
				97A260372331133E00E1D1AD /* Release */,
			);
			defaultConfigurationIsVisible = 0;
			defaultConfigurationName = Release;
		};
		97B466EC1C9AECF200DD2C30 /* Build configuration list for PBXProject "libNrFormat" */ = {
			isa = XCConfigurationList;
			buildConfigurations = (
				97B466F31C9AECF200DD2C30 /* Debug */,
				97B466F41C9AECF200DD2C30 /* Release */,
			);
			defaultConfigurationIsVisible = 0;
			defaultConfigurationName = Release;
		};
/* End XCConfigurationList section */
	};
	rootObject = 97B466E91C9AECF200DD2C30 /* Project object */;
}
